# GENERATED FILE - DO NOT EDIT DIRECTLY
schema_version: 1

bundle:
  version: "0.9.24"
  release_sequence: 79
  source_tree_digest: "sha256:921ee3191bc61d3ef99c7c0bd7a6b893a6df35610c65c3be10e979aef20cff73"
  digest: "sha256:51edfc3ed4ecd84def6755ad921c9845e16b2ecd8cbd5a8a6868f9c454edc6b9"
  attestation_identity_digest: "sha256:a0bc45ec7864d753bab99bf690fe22eb327bf1f14fd53d946779e50df3f76f9b"

projection:
  input_digest: "sha256:41efb4959876d734d1833aa7a851835e1cd2cf881be5eba9135e3f1e42034991"
  output_digest: "sha256:8fe09d17608373ebf5985015755b8bd7e4e40a391895a9ff0839f02ea420650c"
  files:
    - path: ".gds/compiled-policy.json"
      digest: "sha256:de28a4900d90d30fe65bf069301e65d080f48f66418b4130a7221fbcfdcf30e5"
