# GENERATED FILE - DO NOT EDIT DIRECTLY
schema_version: 1

bundle:
  version: "0.9.4-dev"
  release_sequence: 0
  channel: "development"
  source_tree_digest: "sha256:ba597010d9403127df8c67102186ef40c546a08101d1a93201d17f8108deb520"
  digest: "sha256:12020fd6433653d350bca1bc3ee3f8b6a59c0bcbdef96ed2ed8d24480cff212b"

projection:
  input_digest: "sha256:23f18e5d6b597033eb2878b4fef638bbd4f7952e30510a6693cd08981617f7f2"
  output_digest: "sha256:eebe644820b6053e0a07d2faeafdf6a165d8414f3f85e642d2298e8338e115f7"
  files:
    - path: ".gds/compiled-policy.json"
      digest: "sha256:68c2a271ab5a0315373ebc2bf80441ecaf6a4b827014c4c99e56b4ec0187ce61"
